Microsoft Visual Studio Solution File, Format Version 12.00
# Visual Studio 15
VisualStudioVersion = 15.0.26730.12
MinimumVisualStudioVersion = 10.0.40219.1
Project("{FAE04EC0-301F-11D3-BF4B-00C04F79EFBC}") = "FromRendererToCore", "FromRendererToCore\FromRendererToCore.csproj", "{6A22D273-5B38-492B-A27C-1D96510B3A4D}"
EndProject
Project("{FAE04EC0-301F-11D3-BF4B-00C04F79EFBC}") = "FromRendererToCore.iOS", "FromRendererToCore.iOS\FromRendererToCore.iOS.csproj", "{4DC88243-9381-46C5-A72C-B1D0EA483114}"
EndProject
Project("{FAE04EC0-301F-11D3-BF4B-00C04F79EFBC}") = "FromRendererToCore.Droid", "FromRendererToCore.Droid\FromRendererToCore.Droid.csproj", "{985E3D4D-5D14-4517-94FB-A254FEF7B1DF}"
EndProject
Project("{FAE04EC0-301F-11D3-BF4B-00C04F79EFBC}") = "FromRendererToCore.UWP", "FromRendererToCore.UWP\FromRendererToCore.UWP.csproj", "{5C9ABC23-C151-4460-ACD6-82FBE08C8A77}"
EndProject
Global
	GlobalSection(SolutionConfigurationPlatforms) = preSolution
		Debug|Any CPU = Debug|Any CPU
		Debug|ARM = Debug|ARM
		Debug|iPhone = Debug|iPhone
		Debug|iPhoneSimulator = Debug|iPhoneSimulator
		Debug|x64 = Debug|x64
		Debug|x86 = Debug|x86
		Release|Any CPU = Release|Any CPU
		Release|ARM = Release|ARM
		Release|iPhone = Release|iPhone
		Release|iPhoneSimulator = Release|iPhoneSimulator
		Release|x64 = Release|x64
		Release|x86 = Release|x86
	EndGlobalSection
	GlobalSection(ProjectConfigurationPlatforms) = postSolution
		{6A22D273-5B38-492B-A27C-1D96510B3A4D}.Debug|Any CPU.ActiveCfg = Debug|Any CPU
		{6A22D273-5B38-492B-A27C-1D96510B3A4D}.Debug|Any CPU.Build.0 = Debug|Any CPU
		{6A22D273-5B38-492B-A27C-1D96510B3A4D}.Debug|ARM.ActiveCfg = Debug|Any CPU
		{6A22D273-5B38-492B-A27C-1D96510B3A4D}.Debug|ARM.Build.0 = Debug|Any CPU
		{6A22D273-5B38-492B-A27C-1D96510B3A4D}.Debug|iPhone.ActiveCfg = Debug|Any CPU
		{6A22D273-5B38-492B-A27C-1D96510B3A4D}.Debug|iPhone.Build.0 = Debug|Any CPU
		{6A22D273-5B38-492B-A27C-1D96510B3A4D}.Debug|iPhoneSimulator.ActiveCfg = Debug|Any CPU
		{6A22D273-5B38-492B-A27C-1D96510B3A4D}.Debug|iPhoneSimulator.Build.0 = Debug|Any CPU
		{6A22D273-5B38-492B-A27C-1D96510B3A4D}.Debug|x64.ActiveCfg = Debug|Any CPU
		{6A22D273-5B38-492B-A27C-1D96510B3A4D}.Debug|x64.Build.0 = Debug|Any CPU
		{6A22D273-5B38-492B-A27C-1D96510B3A4D}.Debug|x86.ActiveCfg = Debug|Any CPU
		{6A22D273-5B38-492B-A27C-1D96510B3A4D}.Debug|x86.Build.0 = Debug|Any CPU
		{6A22D273-5B38-492B-A27C-1D96510B3A4D}.Release|Any CPU.ActiveCfg = Release|Any CPU
		{6A22D273-5B38-492B-A27C-1D96510B3A4D}.Release|Any CPU.Build.0 = Release|Any CPU
		{6A22D273-5B38-492B-A27C-1D96510B3A4D}.Release|ARM.ActiveCfg = Release|Any CPU
		{6A22D273-5B38-492B-A27C-1D96510B3A4D}.Release|ARM.Build.0 = Release|Any CPU
		{6A22D273-5B38-492B-A27C-1D96510B3A4D}.Release|iPhone.ActiveCfg = Release|Any CPU
		{6A22D273-5B38-492B-A27C-1D96510B3A4D}.Release|iPhone.Build.0 = Release|Any CPU
		{6A22D273-5B38-492B-A27C-1D96510B3A4D}.Release|iPhoneSimulator.ActiveCfg = Release|Any CPU
		{6A22D273-5B38-492B-A27C-1D96510B3A4D}.Release|iPhoneSimulator.Build.0 = Release|Any CPU
		{6A22D273-5B38-492B-A27C-1D96510B3A4D}.Release|x64.ActiveCfg = Release|Any CPU
		{6A22D273-5B38-492B-A27C-1D96510B3A4D}.Release|x64.Build.0 = Release|Any CPU
		{6A22D273-5B38-492B-A27C-1D96510B3A4D}.Release|x86.ActiveCfg = Release|Any CPU
		{6A22D273-5B38-492B-A27C-1D96510B3A4D}.Release|x86.Build.0 = Release|Any CPU
		{4DC88243-9381-46C5-A72C-B1D0EA483114}.Debug|Any CPU.ActiveCfg = Debug|iPhoneSimulator
		{4DC88243-9381-46C5-A72C-B1D0EA483114}.Debug|Any CPU.Build.0 = Debug|iPhoneSimulator
		{4DC88243-9381-46C5-A72C-B1D0EA483114}.Debug|ARM.ActiveCfg = Debug|iPhone
		{4DC88243-9381-46C5-A72C-B1D0EA483114}.Debug|iPhone.ActiveCfg = Debug|iPhone
		{4DC88243-9381-46C5-A72C-B1D0EA483114}.Debug|iPhone.Build.0 = Debug|iPhone
		{4DC88243-9381-46C5-A72C-B1D0EA483114}.Debug|iPhoneSimulator.ActiveCfg = Debug|iPhoneSimulator
		{4DC88243-9381-46C5-A72C-B1D0EA483114}.Debug|iPhoneSimulator.Build.0 = Debug|iPhoneSimulator
		{4DC88243-9381-46C5-A72C-B1D0EA483114}.Debug|x64.ActiveCfg = Debug|iPhone
		{4DC88243-9381-46C5-A72C-B1D0EA483114}.Debug|x86.ActiveCfg = Debug|iPhone
		{4DC88243-9381-46C5-A72C-B1D0EA483114}.Release|Any CPU.ActiveCfg = Release|iPhone
		{4DC88243-9381-46C5-A72C-B1D0EA483114}.Release|Any CPU.Build.0 = Release|iPhone
		{4DC88243-9381-46C5-A72C-B1D0EA483114}.Release|ARM.ActiveCfg = Release|iPhoneSimulator
		{4DC88243-9381-46C5-A72C-B1D0EA483114}.Release|iPhone.ActiveCfg = Release|iPhone
		{4DC88243-9381-46C5-A72C-B1D0EA483114}.Release|iPhone.Build.0 = Release|iPhone
		{4DC88243-9381-46C5-A72C-B1D0EA483114}.Release|iPhoneSimulator.ActiveCfg = Release|iPhoneSimulator
		{4DC88243-9381-46C5-A72C-B1D0EA483114}.Release|iPhoneSimulator.Build.0 = Release|iPhoneSimulator
		{4DC88243-9381-46C5-A72C-B1D0EA483114}.Release|x64.ActiveCfg = Release|iPhoneSimulator
		{4DC88243-9381-46C5-A72C-B1D0EA483114}.Release|x86.ActiveCfg = Release|iPhoneSimulator
		{985E3D4D-5D14-4517-94FB-A254FEF7B1DF}.Debug|Any CPU.ActiveCfg = Debug|Any CPU
		{985E3D4D-5D14-4517-94FB-A254FEF7B1DF}.Debug|Any CPU.Build.0 = Debug|Any CPU
		{985E3D4D-5D14-4517-94FB-A254FEF7B1DF}.Debug|ARM.ActiveCfg = Debug|Any CPU
		{985E3D4D-5D14-4517-94FB-A254FEF7B1DF}.Debug|ARM.Build.0 = Debug|Any CPU
		{985E3D4D-5D14-4517-94FB-A254FEF7B1DF}.Debug|ARM.Deploy.0 = Debug|Any CPU
		{985E3D4D-5D14-4517-94FB-A254FEF7B1DF}.Debug|iPhone.ActiveCfg = Debug|Any CPU
		{985E3D4D-5D14-4517-94FB-A254FEF7B1DF}.Debug|iPhone.Build.0 = Debug|Any CPU
		{985E3D4D-5D14-4517-94FB-A254FEF7B1DF}.Debug|iPhoneSimulator.ActiveCfg = Debug|Any CPU
		{985E3D4D-5D14-4517-94FB-A254FEF7B1DF}.Debug|iPhoneSimulator.Build.0 = Debug|Any CPU
		{985E3D4D-5D14-4517-94FB-A254FEF7B1DF}.Debug|x64.ActiveCfg = Debug|Any CPU
		{985E3D4D-5D14-4517-94FB-A254FEF7B1DF}.Debug|x64.Build.0 = Debug|Any CPU
		{985E3D4D-5D14-4517-94FB-A254FEF7B1DF}.Debug|x64.Deploy.0 = Debug|Any CPU
		{985E3D4D-5D14-4517-94FB-A254FEF7B1DF}.Debug|x86.ActiveCfg = Debug|Any CPU
		{985E3D4D-5D14-4517-94FB-A254FEF7B1DF}.Debug|x86.Build.0 = Debug|Any CPU
		{985E3D4D-5D14-4517-94FB-A254FEF7B1DF}.Debug|x86.Deploy.0 = Debug|Any CPU
		{985E3D4D-5D14-4517-94FB-A254FEF7B1DF}.Release|Any CPU.ActiveCfg = Release|Any CPU
		{985E3D4D-5D14-4517-94FB-A254FEF7B1DF}.Release|Any CPU.Build.0 = Release|Any CPU
		{985E3D4D-5D14-4517-94FB-A254FEF7B1DF}.Release|ARM.ActiveCfg = Release|Any CPU
		{985E3D4D-5D14-4517-94FB-A254FEF7B1DF}.Release|ARM.Build.0 = Release|Any CPU
		{985E3D4D-5D14-4517-94FB-A254FEF7B1DF}.Release|ARM.Deploy.0 = Release|Any CPU
		{985E3D4D-5D14-4517-94FB-A254FEF7B1DF}.Release|iPhone.ActiveCfg = Release|Any CPU
		{985E3D4D-5D14-4517-94FB-A254FEF7B1DF}.Release|iPhone.Build.0 = Release|Any CPU
		{985E3D4D-5D14-4517-94FB-A254FEF7B1DF}.Release|iPhoneSimulator.ActiveCfg = Release|Any CPU
		{985E3D4D-5D14-4517-94FB-A254FEF7B1DF}.Release|iPhoneSimulator.Build.0 = Release|Any CPU
		{985E3D4D-5D14-4517-94FB-A254FEF7B1DF}.Release|x64.ActiveCfg = Release|Any CPU
		{985E3D4D-5D14-4517-94FB-A254FEF7B1DF}.Release|x64.Build.0 = Release|Any CPU
		{985E3D4D-5D14-4517-94FB-A254FEF7B1DF}.Release|x64.Deploy.0 = Release|Any CPU
		{985E3D4D-5D14-4517-94FB-A254FEF7B1DF}.Release|x86.ActiveCfg = Release|Any CPU
		{985E3D4D-5D14-4517-94FB-A254FEF7B1DF}.Release|x86.Build.0 = Release|Any CPU
		{985E3D4D-5D14-4517-94FB-A254FEF7B1DF}.Release|x86.Deploy.0 = Release|Any CPU
		{5C9ABC23-C151-4460-ACD6-82FBE08C8A77}.Debug|Any CPU.ActiveCfg = Debug|x86
		{5C9ABC23-C151-4460-ACD6-82FBE08C8A77}.Debug|ARM.ActiveCfg = Debug|ARM
		{5C9ABC23-C151-4460-ACD6-82FBE08C8A77}.Debug|ARM.Build.0 = Debug|ARM
		{5C9ABC23-C151-4460-ACD6-82FBE08C8A77}.Debug|ARM.Deploy.0 = Debug|ARM
		{5C9ABC23-C151-4460-ACD6-82FBE08C8A77}.Debug|iPhone.ActiveCfg = Debug|x86
		{5C9ABC23-C151-4460-ACD6-82FBE08C8A77}.Debug|iPhoneSimulator.ActiveCfg = Debug|x86
		{5C9ABC23-C151-4460-ACD6-82FBE08C8A77}.Debug|x64.ActiveCfg = Debug|x64
		{5C9ABC23-C151-4460-ACD6-82FBE08C8A77}.Debug|x64.Build.0 = Debug|x64
		{5C9ABC23-C151-4460-ACD6-82FBE08C8A77}.Debug|x64.Deploy.0 = Debug|x64
		{5C9ABC23-C151-4460-ACD6-82FBE08C8A77}.Debug|x86.ActiveCfg = Debug|x86
		{5C9ABC23-C151-4460-ACD6-82FBE08C8A77}.Debug|x86.Build.0 = Debug|x86
		{5C9ABC23-C151-4460-ACD6-82FBE08C8A77}.Debug|x86.Deploy.0 = Debug|x86
		{5C9ABC23-C151-4460-ACD6-82FBE08C8A77}.Release|Any CPU.ActiveCfg = Release|x86
		{5C9ABC23-C151-4460-ACD6-82FBE08C8A77}.Release|ARM.ActiveCfg = Release|ARM
		{5C9ABC23-C151-4460-ACD6-82FBE08C8A77}.Release|ARM.Build.0 = Release|ARM
		{5C9ABC23-C151-4460-ACD6-82FBE08C8A77}.Release|ARM.Deploy.0 = Release|ARM
		{5C9ABC23-C151-4460-ACD6-82FBE08C8A77}.Release|iPhone.ActiveCfg = Release|x86
		{5C9ABC23-C151-4460-ACD6-82FBE08C8A77}.Release|iPhoneSimulator.ActiveCfg = Release|x86
		{5C9ABC23-C151-4460-ACD6-82FBE08C8A77}.Release|x64.ActiveCfg = Release|x64
		{5C9ABC23-C151-4460-ACD6-82FBE08C8A77}.Release|x64.Build.0 = Release|x64
		{5C9ABC23-C151-4460-ACD6-82FBE08C8A77}.Release|x64.Deploy.0 = Release|x64
		{5C9ABC23-C151-4460-ACD6-82FBE08C8A77}.Release|x86.ActiveCfg = Release|x86
		{5C9ABC23-C151-4460-ACD6-82FBE08C8A77}.Release|x86.Build.0 = Release|x86
		{5C9ABC23-C151-4460-ACD6-82FBE08C8A77}.Release|x86.Deploy.0 = Release|x86
	EndGlobalSection
	GlobalSection(SolutionProperties) = preSolution
		HideSolutionNode = FALSE
	EndGlobalSection
	GlobalSection(ExtensibilityGlobals) = postSolution
		SolutionGuid = {F041EF85-2162-4C3E-9999-34447DAA8F53}
	EndGlobalSection
EndGlobal
