
Microsoft Visual Studio Solution File, Format Version 12.00
# Visual Studio Version 16
VisualStudioVersion = 16.0.808.6
MinimumVisualStudioVersion = 10.0.40219.1
Project("{FAE04EC0-301F-11D3-BF4B-00C04F79EFBC}") = "pocpub", "pocpub\pocpub.csproj", "{AF6B6637-3BC1-49B1-A6A0-AC51FC7AFA0D}"
EndProject
Global
	GlobalSection(SolutionConfigurationPlatforms) = preSolution
		Debug|Any CPU = Debug|Any CPU
		Release|Any CPU = Release|Any CPU
	EndGlobalSection
	GlobalSection(ProjectConfigurationPlatforms) = postSolution
		{AF6B6637-3BC1-49B1-A6A0-AC51FC7AFA0D}.Debug|Any CPU.ActiveCfg = Debug|Any CPU
		{AF6B6637-3BC1-49B1-A6A0-AC51FC7AFA0D}.Debug|Any CPU.Build.0 = Debug|Any CPU
		{AF6B6637-3BC1-49B1-A6A0-AC51FC7AFA0D}.Release|Any CPU.ActiveCfg = Release|Any CPU
		{AF6B6637-3BC1-49B1-A6A0-AC51FC7AFA0D}.Release|Any CPU.Build.0 = Release|Any CPU
	EndGlobalSection
	GlobalSection(SolutionProperties) = preSolution
		HideSolutionNode = FALSE
	EndGlobalSection
	GlobalSection(ExtensibilityGlobals) = postSolution
		SolutionGuid = {FCAA73C2-6E25-450F-8CAD-474260AC1ED5}
	EndGlobalSection
EndGlobal
