
Microsoft Visual Studio Solution File, Format Version 12.00
# Visual Studio 15
VisualStudioVersion = 15.0.26730.12
MinimumVisualStudioVersion = 10.0.40219.1
Project("{FAE04EC0-301F-11D3-BF4B-00C04F79EFBC}") = "FromCoreToRenderer.Android", "FromCoreToRenderer.Android\FromCoreToRenderer.Android.csproj", "{AC307E1C-0D07-4614-8FBC-4A23014BA055}"
EndProject
Project("{FAE04EC0-301F-11D3-BF4B-00C04F79EFBC}") = "FromCoreToRenderer", "FromCoreToRenderer\FromCoreToRenderer.csproj", "{BABA36DF-DF68-4FBB-B461-3D5A4EF30FED}"
EndProject
Project("{FAE04EC0-301F-11D3-BF4B-00C04F79EFBC}") = "FromCoreToRenderer.UWP", "FromCoreToRenderer.UWP\FromCoreToRenderer.UWP.csproj", "{2357F1C0-FE66-4DF9-BA62-B713E27BB25A}"
EndProject
Project("{FAE04EC0-301F-11D3-BF4B-00C04F79EFBC}") = "FromCoreToRenderer.iOS", "FromCoreToRenderer.iOS\FromCoreToRenderer.iOS.csproj", "{C8382AF5-4F89-4451-8AC2-942CB34EB1A1}"
EndProject
Global
	GlobalSection(SolutionConfigurationPlatforms) = preSolution
		Ad-Hoc|Any CPU = Ad-Hoc|Any CPU
		Ad-Hoc|ARM = Ad-Hoc|ARM
		Ad-Hoc|iPhone = Ad-Hoc|iPhone
		Ad-Hoc|iPhoneSimulator = Ad-Hoc|iPhoneSimulator
		Ad-Hoc|x64 = Ad-Hoc|x64
		Ad-Hoc|x86 = Ad-Hoc|x86
		AppStore|Any CPU = AppStore|Any CPU
		AppStore|ARM = AppStore|ARM
		AppStore|iPhone = AppStore|iPhone
		AppStore|iPhoneSimulator = AppStore|iPhoneSimulator
		AppStore|x64 = AppStore|x64
		AppStore|x86 = AppStore|x86
		Debug|Any CPU = Debug|Any CPU
		Debug|ARM = Debug|ARM
		Debug|iPhone = Debug|iPhone
		Debug|iPhoneSimulator = Debug|iPhoneSimulator
		Debug|x64 = Debug|x64
		Debug|x86 = Debug|x86
		Release|Any CPU = Release|Any CPU
		Release|ARM = Release|ARM
		Release|iPhone = Release|iPhone
		Release|iPhoneSimulator = Release|iPhoneSimulator
		Release|x64 = Release|x64
		Release|x86 = Release|x86
	EndGlobalSection
	GlobalSection(ProjectConfigurationPlatforms) = postSolution
		{AC307E1C-0D07-4614-8FBC-4A23014BA055}.Ad-Hoc|Any CPU.ActiveCfg = Release|Any CPU
		{AC307E1C-0D07-4614-8FBC-4A23014BA055}.Ad-Hoc|Any CPU.Build.0 = Release|Any CPU
		{AC307E1C-0D07-4614-8FBC-4A23014BA055}.Ad-Hoc|Any CPU.Deploy.0 = Release|Any CPU
		{AC307E1C-0D07-4614-8FBC-4A23014BA055}.Ad-Hoc|ARM.ActiveCfg = Release|Any CPU
		{AC307E1C-0D07-4614-8FBC-4A23014BA055}.Ad-Hoc|ARM.Build.0 = Release|Any CPU
		{AC307E1C-0D07-4614-8FBC-4A23014BA055}.Ad-Hoc|ARM.Deploy.0 = Release|Any CPU
		{AC307E1C-0D07-4614-8FBC-4A23014BA055}.Ad-Hoc|iPhone.ActiveCfg = Release|Any CPU
		{AC307E1C-0D07-4614-8FBC-4A23014BA055}.Ad-Hoc|iPhone.Build.0 = Release|Any CPU
		{AC307E1C-0D07-4614-8FBC-4A23014BA055}.Ad-Hoc|iPhone.Deploy.0 = Release|Any CPU
		{AC307E1C-0D07-4614-8FBC-4A23014BA055}.Ad-Hoc|iPhoneSimulator.ActiveCfg = Release|Any CPU
		{AC307E1C-0D07-4614-8FBC-4A23014BA055}.Ad-Hoc|iPhoneSimulator.Build.0 = Release|Any CPU
		{AC307E1C-0D07-4614-8FBC-4A23014BA055}.Ad-Hoc|iPhoneSimulator.Deploy.0 = Release|Any CPU
		{AC307E1C-0D07-4614-8FBC-4A23014BA055}.Ad-Hoc|x64.ActiveCfg = Release|Any CPU
		{AC307E1C-0D07-4614-8FBC-4A23014BA055}.Ad-Hoc|x64.Build.0 = Release|Any CPU
		{AC307E1C-0D07-4614-8FBC-4A23014BA055}.Ad-Hoc|x64.Deploy.0 = Release|Any CPU
		{AC307E1C-0D07-4614-8FBC-4A23014BA055}.Ad-Hoc|x86.ActiveCfg = Release|Any CPU
		{AC307E1C-0D07-4614-8FBC-4A23014BA055}.Ad-Hoc|x86.Build.0 = Release|Any CPU
		{AC307E1C-0D07-4614-8FBC-4A23014BA055}.Ad-Hoc|x86.Deploy.0 = Release|Any CPU
		{AC307E1C-0D07-4614-8FBC-4A23014BA055}.AppStore|Any CPU.ActiveCfg = Release|Any CPU
		{AC307E1C-0D07-4614-8FBC-4A23014BA055}.AppStore|Any CPU.Build.0 = Release|Any CPU
		{AC307E1C-0D07-4614-8FBC-4A23014BA055}.AppStore|Any CPU.Deploy.0 = Release|Any CPU
		{AC307E1C-0D07-4614-8FBC-4A23014BA055}.AppStore|ARM.ActiveCfg = Release|Any CPU
		{AC307E1C-0D07-4614-8FBC-4A23014BA055}.AppStore|ARM.Build.0 = Release|Any CPU
		{AC307E1C-0D07-4614-8FBC-4A23014BA055}.AppStore|ARM.Deploy.0 = Release|Any CPU
		{AC307E1C-0D07-4614-8FBC-4A23014BA055}.AppStore|iPhone.ActiveCfg = Release|Any CPU
		{AC307E1C-0D07-4614-8FBC-4A23014BA055}.AppStore|iPhone.Build.0 = Release|Any CPU
		{AC307E1C-0D07-4614-8FBC-4A23014BA055}.AppStore|iPhone.Deploy.0 = Release|Any CPU
		{AC307E1C-0D07-4614-8FBC-4A23014BA055}.AppStore|iPhoneSimulator.ActiveCfg = Release|Any CPU
		{AC307E1C-0D07-4614-8FBC-4A23014BA055}.AppStore|iPhoneSimulator.Build.0 = Release|Any CPU
		{AC307E1C-0D07-4614-8FBC-4A23014BA055}.AppStore|iPhoneSimulator.Deploy.0 = Release|Any CPU
		{AC307E1C-0D07-4614-8FBC-4A23014BA055}.AppStore|x64.ActiveCfg = Release|Any CPU
		{AC307E1C-0D07-4614-8FBC-4A23014BA055}.AppStore|x64.Build.0 = Release|Any CPU
		{AC307E1C-0D07-4614-8FBC-4A23014BA055}.AppStore|x64.Deploy.0 = Release|Any CPU
		{AC307E1C-0D07-4614-8FBC-4A23014BA055}.AppStore|x86.ActiveCfg = Release|Any CPU
		{AC307E1C-0D07-4614-8FBC-4A23014BA055}.AppStore|x86.Build.0 = Release|Any CPU
		{AC307E1C-0D07-4614-8FBC-4A23014BA055}.AppStore|x86.Deploy.0 = Release|Any CPU
		{AC307E1C-0D07-4614-8FBC-4A23014BA055}.Debug|Any CPU.ActiveCfg = Debug|Any CPU
		{AC307E1C-0D07-4614-8FBC-4A23014BA055}.Debug|Any CPU.Build.0 = Debug|Any CPU
		{AC307E1C-0D07-4614-8FBC-4A23014BA055}.Debug|Any CPU.Deploy.0 = Debug|Any CPU
		{AC307E1C-0D07-4614-8FBC-4A23014BA055}.Debug|ARM.ActiveCfg = Debug|Any CPU
		{AC307E1C-0D07-4614-8FBC-4A23014BA055}.Debug|ARM.Build.0 = Debug|Any CPU
		{AC307E1C-0D07-4614-8FBC-4A23014BA055}.Debug|ARM.Deploy.0 = Debug|Any CPU
		{AC307E1C-0D07-4614-8FBC-4A23014BA055}.Debug|iPhone.ActiveCfg = Debug|Any CPU
		{AC307E1C-0D07-4614-8FBC-4A23014BA055}.Debug|iPhone.Build.0 = Debug|Any CPU
		{AC307E1C-0D07-4614-8FBC-4A23014BA055}.Debug|iPhone.Deploy.0 = Debug|Any CPU
		{AC307E1C-0D07-4614-8FBC-4A23014BA055}.Debug|iPhoneSimulator.ActiveCfg = Debug|Any CPU
		{AC307E1C-0D07-4614-8FBC-4A23014BA055}.Debug|iPhoneSimulator.Build.0 = Debug|Any CPU
		{AC307E1C-0D07-4614-8FBC-4A23014BA055}.Debug|iPhoneSimulator.Deploy.0 = Debug|Any CPU
		{AC307E1C-0D07-4614-8FBC-4A23014BA055}.Debug|x64.ActiveCfg = Debug|Any CPU
		{AC307E1C-0D07-4614-8FBC-4A23014BA055}.Debug|x64.Build.0 = Debug|Any CPU
		{AC307E1C-0D07-4614-8FBC-4A23014BA055}.Debug|x64.Deploy.0 = Debug|Any CPU
		{AC307E1C-0D07-4614-8FBC-4A23014BA055}.Debug|x86.ActiveCfg = Debug|Any CPU
		{AC307E1C-0D07-4614-8FBC-4A23014BA055}.Debug|x86.Build.0 = Debug|Any CPU
		{AC307E1C-0D07-4614-8FBC-4A23014BA055}.Debug|x86.Deploy.0 = Debug|Any CPU
		{AC307E1C-0D07-4614-8FBC-4A23014BA055}.Release|Any CPU.ActiveCfg = Release|Any CPU
		{AC307E1C-0D07-4614-8FBC-4A23014BA055}.Release|Any CPU.Build.0 = Release|Any CPU
		{AC307E1C-0D07-4614-8FBC-4A23014BA055}.Release|Any CPU.Deploy.0 = Release|Any CPU
		{AC307E1C-0D07-4614-8FBC-4A23014BA055}.Release|ARM.ActiveCfg = Release|Any CPU
		{AC307E1C-0D07-4614-8FBC-4A23014BA055}.Release|ARM.Build.0 = Release|Any CPU
		{AC307E1C-0D07-4614-8FBC-4A23014BA055}.Release|ARM.Deploy.0 = Release|Any CPU
		{AC307E1C-0D07-4614-8FBC-4A23014BA055}.Release|iPhone.ActiveCfg = Release|Any CPU
		{AC307E1C-0D07-4614-8FBC-4A23014BA055}.Release|iPhone.Build.0 = Release|Any CPU
		{AC307E1C-0D07-4614-8FBC-4A23014BA055}.Release|iPhone.Deploy.0 = Release|Any CPU
		{AC307E1C-0D07-4614-8FBC-4A23014BA055}.Release|iPhoneSimulator.ActiveCfg = Release|Any CPU
		{AC307E1C-0D07-4614-8FBC-4A23014BA055}.Release|iPhoneSimulator.Build.0 = Release|Any CPU
		{AC307E1C-0D07-4614-8FBC-4A23014BA055}.Release|iPhoneSimulator.Deploy.0 = Release|Any CPU
		{AC307E1C-0D07-4614-8FBC-4A23014BA055}.Release|x64.ActiveCfg = Release|Any CPU
		{AC307E1C-0D07-4614-8FBC-4A23014BA055}.Release|x64.Build.0 = Release|Any CPU
		{AC307E1C-0D07-4614-8FBC-4A23014BA055}.Release|x64.Deploy.0 = Release|Any CPU
		{AC307E1C-0D07-4614-8FBC-4A23014BA055}.Release|x86.ActiveCfg = Release|Any CPU
		{AC307E1C-0D07-4614-8FBC-4A23014BA055}.Release|x86.Build.0 = Release|Any CPU
		{AC307E1C-0D07-4614-8FBC-4A23014BA055}.Release|x86.Deploy.0 = Release|Any CPU
		{BABA36DF-DF68-4FBB-B461-3D5A4EF30FED}.Ad-Hoc|Any CPU.ActiveCfg = Release|Any CPU
		{BABA36DF-DF68-4FBB-B461-3D5A4EF30FED}.Ad-Hoc|Any CPU.Build.0 = Release|Any CPU
		{BABA36DF-DF68-4FBB-B461-3D5A4EF30FED}.Ad-Hoc|ARM.ActiveCfg = Release|Any CPU
		{BABA36DF-DF68-4FBB-B461-3D5A4EF30FED}.Ad-Hoc|ARM.Build.0 = Release|Any CPU
		{BABA36DF-DF68-4FBB-B461-3D5A4EF30FED}.Ad-Hoc|iPhone.ActiveCfg = Release|Any CPU
		{BABA36DF-DF68-4FBB-B461-3D5A4EF30FED}.Ad-Hoc|iPhone.Build.0 = Release|Any CPU
		{BABA36DF-DF68-4FBB-B461-3D5A4EF30FED}.Ad-Hoc|iPhoneSimulator.ActiveCfg = Release|Any CPU
		{BABA36DF-DF68-4FBB-B461-3D5A4EF30FED}.Ad-Hoc|iPhoneSimulator.Build.0 = Release|Any CPU
		{BABA36DF-DF68-4FBB-B461-3D5A4EF30FED}.Ad-Hoc|x64.ActiveCfg = Release|Any CPU
		{BABA36DF-DF68-4FBB-B461-3D5A4EF30FED}.Ad-Hoc|x64.Build.0 = Release|Any CPU
		{BABA36DF-DF68-4FBB-B461-3D5A4EF30FED}.Ad-Hoc|x86.ActiveCfg = Release|Any CPU
		{BABA36DF-DF68-4FBB-B461-3D5A4EF30FED}.Ad-Hoc|x86.Build.0 = Release|Any CPU
		{BABA36DF-DF68-4FBB-B461-3D5A4EF30FED}.AppStore|Any CPU.ActiveCfg = Release|Any CPU
		{BABA36DF-DF68-4FBB-B461-3D5A4EF30FED}.AppStore|Any CPU.Build.0 = Release|Any CPU
		{BABA36DF-DF68-4FBB-B461-3D5A4EF30FED}.AppStore|ARM.ActiveCfg = Release|Any CPU
		{BABA36DF-DF68-4FBB-B461-3D5A4EF30FED}.AppStore|ARM.Build.0 = Release|Any CPU
		{BABA36DF-DF68-4FBB-B461-3D5A4EF30FED}.AppStore|iPhone.ActiveCfg = Release|Any CPU
		{BABA36DF-DF68-4FBB-B461-3D5A4EF30FED}.AppStore|iPhone.Build.0 = Release|Any CPU
		{BABA36DF-DF68-4FBB-B461-3D5A4EF30FED}.AppStore|iPhoneSimulator.ActiveCfg = Release|Any CPU
		{BABA36DF-DF68-4FBB-B461-3D5A4EF30FED}.AppStore|iPhoneSimulator.Build.0 = Release|Any CPU
		{BABA36DF-DF68-4FBB-B461-3D5A4EF30FED}.AppStore|x64.ActiveCfg = Release|Any CPU
		{BABA36DF-DF68-4FBB-B461-3D5A4EF30FED}.AppStore|x64.Build.0 = Release|Any CPU
		{BABA36DF-DF68-4FBB-B461-3D5A4EF30FED}.AppStore|x86.ActiveCfg = Release|Any CPU
		{BABA36DF-DF68-4FBB-B461-3D5A4EF30FED}.AppStore|x86.Build.0 = Release|Any CPU
		{BABA36DF-DF68-4FBB-B461-3D5A4EF30FED}.Debug|Any CPU.ActiveCfg = Debug|Any CPU
		{BABA36DF-DF68-4FBB-B461-3D5A4EF30FED}.Debug|Any CPU.Build.0 = Debug|Any CPU
		{BABA36DF-DF68-4FBB-B461-3D5A4EF30FED}.Debug|ARM.ActiveCfg = Debug|Any CPU
		{BABA36DF-DF68-4FBB-B461-3D5A4EF30FED}.Debug|ARM.Build.0 = Debug|Any CPU
		{BABA36DF-DF68-4FBB-B461-3D5A4EF30FED}.Debug|iPhone.ActiveCfg = Debug|Any CPU
		{BABA36DF-DF68-4FBB-B461-3D5A4EF30FED}.Debug|iPhone.Build.0 = Debug|Any CPU
		{BABA36DF-DF68-4FBB-B461-3D5A4EF30FED}.Debug|iPhoneSimulator.ActiveCfg = Debug|Any CPU
		{BABA36DF-DF68-4FBB-B461-3D5A4EF30FED}.Debug|iPhoneSimulator.Build.0 = Debug|Any CPU
		{BABA36DF-DF68-4FBB-B461-3D5A4EF30FED}.Debug|x64.ActiveCfg = Debug|Any CPU
		{BABA36DF-DF68-4FBB-B461-3D5A4EF30FED}.Debug|x64.Build.0 = Debug|Any CPU
		{BABA36DF-DF68-4FBB-B461-3D5A4EF30FED}.Debug|x86.ActiveCfg = Debug|Any CPU
		{BABA36DF-DF68-4FBB-B461-3D5A4EF30FED}.Debug|x86.Build.0 = Debug|Any CPU
		{BABA36DF-DF68-4FBB-B461-3D5A4EF30FED}.Release|Any CPU.ActiveCfg = Release|Any CPU
		{BABA36DF-DF68-4FBB-B461-3D5A4EF30FED}.Release|Any CPU.Build.0 = Release|Any CPU
		{BABA36DF-DF68-4FBB-B461-3D5A4EF30FED}.Release|ARM.ActiveCfg = Release|Any CPU
		{BABA36DF-DF68-4FBB-B461-3D5A4EF30FED}.Release|ARM.Build.0 = Release|Any CPU
		{BABA36DF-DF68-4FBB-B461-3D5A4EF30FED}.Release|iPhone.ActiveCfg = Release|Any CPU
		{BABA36DF-DF68-4FBB-B461-3D5A4EF30FED}.Release|iPhone.Build.0 = Release|Any CPU
		{BABA36DF-DF68-4FBB-B461-3D5A4EF30FED}.Release|iPhoneSimulator.ActiveCfg = Release|Any CPU
		{BABA36DF-DF68-4FBB-B461-3D5A4EF30FED}.Release|iPhoneSimulator.Build.0 = Release|Any CPU
		{BABA36DF-DF68-4FBB-B461-3D5A4EF30FED}.Release|x64.ActiveCfg = Release|Any CPU
		{BABA36DF-DF68-4FBB-B461-3D5A4EF30FED}.Release|x64.Build.0 = Release|Any CPU
		{BABA36DF-DF68-4FBB-B461-3D5A4EF30FED}.Release|x86.ActiveCfg = Release|Any CPU
		{BABA36DF-DF68-4FBB-B461-3D5A4EF30FED}.Release|x86.Build.0 = Release|Any CPU
		{2357F1C0-FE66-4DF9-BA62-B713E27BB25A}.Ad-Hoc|Any CPU.ActiveCfg = Release|x86
		{2357F1C0-FE66-4DF9-BA62-B713E27BB25A}.Ad-Hoc|Any CPU.Build.0 = Release|x86
		{2357F1C0-FE66-4DF9-BA62-B713E27BB25A}.Ad-Hoc|Any CPU.Deploy.0 = Release|x86
		{2357F1C0-FE66-4DF9-BA62-B713E27BB25A}.Ad-Hoc|ARM.ActiveCfg = Release|ARM
		{2357F1C0-FE66-4DF9-BA62-B713E27BB25A}.Ad-Hoc|ARM.Build.0 = Release|ARM
		{2357F1C0-FE66-4DF9-BA62-B713E27BB25A}.Ad-Hoc|ARM.Deploy.0 = Release|ARM
		{2357F1C0-FE66-4DF9-BA62-B713E27BB25A}.Ad-Hoc|iPhone.ActiveCfg = Release|x86
		{2357F1C0-FE66-4DF9-BA62-B713E27BB25A}.Ad-Hoc|iPhone.Build.0 = Release|x86
		{2357F1C0-FE66-4DF9-BA62-B713E27BB25A}.Ad-Hoc|iPhone.Deploy.0 = Release|x86
		{2357F1C0-FE66-4DF9-BA62-B713E27BB25A}.Ad-Hoc|iPhoneSimulator.ActiveCfg = Release|x86
		{2357F1C0-FE66-4DF9-BA62-B713E27BB25A}.Ad-Hoc|iPhoneSimulator.Build.0 = Release|x86
		{2357F1C0-FE66-4DF9-BA62-B713E27BB25A}.Ad-Hoc|iPhoneSimulator.Deploy.0 = Release|x86
		{2357F1C0-FE66-4DF9-BA62-B713E27BB25A}.Ad-Hoc|x64.ActiveCfg = Release|x64
		{2357F1C0-FE66-4DF9-BA62-B713E27BB25A}.Ad-Hoc|x64.Build.0 = Release|x64
		{2357F1C0-FE66-4DF9-BA62-B713E27BB25A}.Ad-Hoc|x64.Deploy.0 = Release|x64
		{2357F1C0-FE66-4DF9-BA62-B713E27BB25A}.Ad-Hoc|x86.ActiveCfg = Release|x86
		{2357F1C0-FE66-4DF9-BA62-B713E27BB25A}.Ad-Hoc|x86.Build.0 = Release|x86
		{2357F1C0-FE66-4DF9-BA62-B713E27BB25A}.Ad-Hoc|x86.Deploy.0 = Release|x86
		{2357F1C0-FE66-4DF9-BA62-B713E27BB25A}.AppStore|Any CPU.ActiveCfg = Release|x86
		{2357F1C0-FE66-4DF9-BA62-B713E27BB25A}.AppStore|Any CPU.Build.0 = Release|x86
		{2357F1C0-FE66-4DF9-BA62-B713E27BB25A}.AppStore|Any CPU.Deploy.0 = Release|x86
		{2357F1C0-FE66-4DF9-BA62-B713E27BB25A}.AppStore|ARM.ActiveCfg = Release|ARM
		{2357F1C0-FE66-4DF9-BA62-B713E27BB25A}.AppStore|ARM.Build.0 = Release|ARM
		{2357F1C0-FE66-4DF9-BA62-B713E27BB25A}.AppStore|ARM.Deploy.0 = Release|ARM
		{2357F1C0-FE66-4DF9-BA62-B713E27BB25A}.AppStore|iPhone.ActiveCfg = Release|x86
		{2357F1C0-FE66-4DF9-BA62-B713E27BB25A}.AppStore|iPhone.Build.0 = Release|x86
		{2357F1C0-FE66-4DF9-BA62-B713E27BB25A}.AppStore|iPhone.Deploy.0 = Release|x86
		{2357F1C0-FE66-4DF9-BA62-B713E27BB25A}.AppStore|iPhoneSimulator.ActiveCfg = Release|x86
		{2357F1C0-FE66-4DF9-BA62-B713E27BB25A}.AppStore|iPhoneSimulator.Build.0 = Release|x86
		{2357F1C0-FE66-4DF9-BA62-B713E27BB25A}.AppStore|iPhoneSimulator.Deploy.0 = Release|x86
		{2357F1C0-FE66-4DF9-BA62-B713E27BB25A}.AppStore|x64.ActiveCfg = Release|x64
		{2357F1C0-FE66-4DF9-BA62-B713E27BB25A}.AppStore|x64.Build.0 = Release|x64
		{2357F1C0-FE66-4DF9-BA62-B713E27BB25A}.AppStore|x64.Deploy.0 = Release|x64
		{2357F1C0-FE66-4DF9-BA62-B713E27BB25A}.AppStore|x86.ActiveCfg = Release|x86
		{2357F1C0-FE66-4DF9-BA62-B713E27BB25A}.AppStore|x86.Build.0 = Release|x86
		{2357F1C0-FE66-4DF9-BA62-B713E27BB25A}.AppStore|x86.Deploy.0 = Release|x86
		{2357F1C0-FE66-4DF9-BA62-B713E27BB25A}.Debug|Any CPU.ActiveCfg = Debug|x86
		{2357F1C0-FE66-4DF9-BA62-B713E27BB25A}.Debug|ARM.ActiveCfg = Debug|ARM
		{2357F1C0-FE66-4DF9-BA62-B713E27BB25A}.Debug|ARM.Build.0 = Debug|ARM
		{2357F1C0-FE66-4DF9-BA62-B713E27BB25A}.Debug|ARM.Deploy.0 = Debug|ARM
		{2357F1C0-FE66-4DF9-BA62-B713E27BB25A}.Debug|iPhone.ActiveCfg = Debug|x86
		{2357F1C0-FE66-4DF9-BA62-B713E27BB25A}.Debug|iPhoneSimulator.ActiveCfg = Debug|x86
		{2357F1C0-FE66-4DF9-BA62-B713E27BB25A}.Debug|x64.ActiveCfg = Debug|x64
		{2357F1C0-FE66-4DF9-BA62-B713E27BB25A}.Debug|x64.Build.0 = Debug|x64
		{2357F1C0-FE66-4DF9-BA62-B713E27BB25A}.Debug|x64.Deploy.0 = Debug|x64
		{2357F1C0-FE66-4DF9-BA62-B713E27BB25A}.Debug|x86.ActiveCfg = Debug|x86
		{2357F1C0-FE66-4DF9-BA62-B713E27BB25A}.Debug|x86.Build.0 = Debug|x86
		{2357F1C0-FE66-4DF9-BA62-B713E27BB25A}.Debug|x86.Deploy.0 = Debug|x86
		{2357F1C0-FE66-4DF9-BA62-B713E27BB25A}.Release|Any CPU.ActiveCfg = Release|x86
		{2357F1C0-FE66-4DF9-BA62-B713E27BB25A}.Release|ARM.ActiveCfg = Release|ARM
		{2357F1C0-FE66-4DF9-BA62-B713E27BB25A}.Release|ARM.Build.0 = Release|ARM
		{2357F1C0-FE66-4DF9-BA62-B713E27BB25A}.Release|ARM.Deploy.0 = Release|ARM
		{2357F1C0-FE66-4DF9-BA62-B713E27BB25A}.Release|iPhone.ActiveCfg = Release|x86
		{2357F1C0-FE66-4DF9-BA62-B713E27BB25A}.Release|iPhoneSimulator.ActiveCfg = Release|x86
		{2357F1C0-FE66-4DF9-BA62-B713E27BB25A}.Release|x64.ActiveCfg = Release|x64
		{2357F1C0-FE66-4DF9-BA62-B713E27BB25A}.Release|x64.Build.0 = Release|x64
		{2357F1C0-FE66-4DF9-BA62-B713E27BB25A}.Release|x64.Deploy.0 = Release|x64
		{2357F1C0-FE66-4DF9-BA62-B713E27BB25A}.Release|x86.ActiveCfg = Release|x86
		{2357F1C0-FE66-4DF9-BA62-B713E27BB25A}.Release|x86.Build.0 = Release|x86
		{2357F1C0-FE66-4DF9-BA62-B713E27BB25A}.Release|x86.Deploy.0 = Release|x86
		{C8382AF5-4F89-4451-8AC2-942CB34EB1A1}.Ad-Hoc|Any CPU.ActiveCfg = Ad-Hoc|iPhone
		{C8382AF5-4F89-4451-8AC2-942CB34EB1A1}.Ad-Hoc|ARM.ActiveCfg = Ad-Hoc|iPhone
		{C8382AF5-4F89-4451-8AC2-942CB34EB1A1}.Ad-Hoc|iPhone.ActiveCfg = Ad-Hoc|iPhone
		{C8382AF5-4F89-4451-8AC2-942CB34EB1A1}.Ad-Hoc|iPhone.Build.0 = Ad-Hoc|iPhone
		{C8382AF5-4F89-4451-8AC2-942CB34EB1A1}.Ad-Hoc|iPhoneSimulator.ActiveCfg = Ad-Hoc|iPhoneSimulator
		{C8382AF5-4F89-4451-8AC2-942CB34EB1A1}.Ad-Hoc|iPhoneSimulator.Build.0 = Ad-Hoc|iPhoneSimulator
		{C8382AF5-4F89-4451-8AC2-942CB34EB1A1}.Ad-Hoc|x64.ActiveCfg = Ad-Hoc|iPhone
		{C8382AF5-4F89-4451-8AC2-942CB34EB1A1}.Ad-Hoc|x86.ActiveCfg = Ad-Hoc|iPhone
		{C8382AF5-4F89-4451-8AC2-942CB34EB1A1}.AppStore|Any CPU.ActiveCfg = AppStore|iPhone
		{C8382AF5-4F89-4451-8AC2-942CB34EB1A1}.AppStore|ARM.ActiveCfg = AppStore|iPhone
		{C8382AF5-4F89-4451-8AC2-942CB34EB1A1}.AppStore|iPhone.ActiveCfg = AppStore|iPhone
		{C8382AF5-4F89-4451-8AC2-942CB34EB1A1}.AppStore|iPhone.Build.0 = AppStore|iPhone
		{C8382AF5-4F89-4451-8AC2-942CB34EB1A1}.AppStore|iPhoneSimulator.ActiveCfg = AppStore|iPhoneSimulator
		{C8382AF5-4F89-4451-8AC2-942CB34EB1A1}.AppStore|iPhoneSimulator.Build.0 = AppStore|iPhoneSimulator
		{C8382AF5-4F89-4451-8AC2-942CB34EB1A1}.AppStore|x64.ActiveCfg = AppStore|iPhone
		{C8382AF5-4F89-4451-8AC2-942CB34EB1A1}.AppStore|x86.ActiveCfg = AppStore|iPhone
		{C8382AF5-4F89-4451-8AC2-942CB34EB1A1}.Debug|Any CPU.ActiveCfg = Debug|iPhone
		{C8382AF5-4F89-4451-8AC2-942CB34EB1A1}.Debug|ARM.ActiveCfg = Debug|iPhone
		{C8382AF5-4F89-4451-8AC2-942CB34EB1A1}.Debug|iPhone.ActiveCfg = Debug|iPhone
		{C8382AF5-4F89-4451-8AC2-942CB34EB1A1}.Debug|iPhone.Build.0 = Debug|iPhone
		{C8382AF5-4F89-4451-8AC2-942CB34EB1A1}.Debug|iPhoneSimulator.ActiveCfg = Debug|iPhoneSimulator
		{C8382AF5-4F89-4451-8AC2-942CB34EB1A1}.Debug|iPhoneSimulator.Build.0 = Debug|iPhoneSimulator
		{C8382AF5-4F89-4451-8AC2-942CB34EB1A1}.Debug|x64.ActiveCfg = Debug|iPhone
		{C8382AF5-4F89-4451-8AC2-942CB34EB1A1}.Debug|x86.ActiveCfg = Debug|iPhone
		{C8382AF5-4F89-4451-8AC2-942CB34EB1A1}.Release|Any CPU.ActiveCfg = Release|iPhone
		{C8382AF5-4F89-4451-8AC2-942CB34EB1A1}.Release|ARM.ActiveCfg = Release|iPhone
		{C8382AF5-4F89-4451-8AC2-942CB34EB1A1}.Release|iPhone.ActiveCfg = Release|iPhone
		{C8382AF5-4F89-4451-8AC2-942CB34EB1A1}.Release|iPhone.Build.0 = Release|iPhone
		{C8382AF5-4F89-4451-8AC2-942CB34EB1A1}.Release|iPhoneSimulator.ActiveCfg = Release|iPhoneSimulator
		{C8382AF5-4F89-4451-8AC2-942CB34EB1A1}.Release|iPhoneSimulator.Build.0 = Release|iPhoneSimulator
		{C8382AF5-4F89-4451-8AC2-942CB34EB1A1}.Release|x64.ActiveCfg = Release|iPhone
		{C8382AF5-4F89-4451-8AC2-942CB34EB1A1}.Release|x86.ActiveCfg = Release|iPhone
	EndGlobalSection
	GlobalSection(SolutionProperties) = preSolution
		HideSolutionNode = FALSE
	EndGlobalSection
	GlobalSection(ExtensibilityGlobals) = postSolution
		SolutionGuid = {C6305467-1998-47DB-AE69-F9C8476F9FC0}
	EndGlobalSection
EndGlobal
